# This is a Gradle generated file for dependency locking.
# Manual edits can break the build and are not advised.
# This file is expected to be part of source control.
args4j:args4j:2.33=spotless-1470511307,spotless1730441932
com.diffplug.durian:durian-core:1.2.0=spotless-1470511307,spotless1730441932
com.diffplug.freshmark:freshmark:1.3.1=spotless-1470511307,spotless1730441932
com.diffplug.jscriptbox:jscriptbox:3.0.0=spotless1730441932
com.diffplug.jscriptbox:jscriptbox:3.0.1=spotless-1470511307
com.google.code.findbugs:jsr305:3.0.2=functionalTestCompileClasspath,functionalTestRuntimeClasspath,testCompileClasspath,testRuntimeClasspath
com.google.errorprone:error_prone_annotations:2.1.3=functionalTestCompileClasspath,functionalTestRuntimeClasspath,testCompileClasspath,testRuntimeClasspath
com.google.guava:guava:26.0-jre=functionalTestCompileClasspath,functionalTestRuntimeClasspath,testCompileClasspath,testRuntimeClasspath
com.google.j2objc:j2objc-annotations:1.1=functionalTestCompileClasspath,functionalTestRuntimeClasspath,testCompileClasspath,testRuntimeClasspath
net.bytebuddy:byte-buddy:1.14.11=functionalTestCompileClasspath,functionalTestRuntimeClasspath,testCompileClasspath,testRuntimeClasspath
org.apiguardian:apiguardian-api:1.1.2=functionalTestCompileClasspath,testCompileClasspath
org.assertj:assertj-core:3.25.3=functionalTestCompileClasspath,functionalTestRuntimeClasspath,testCompileClasspath,testRuntimeClasspath
org.checkerframework:checker-qual:2.5.2=functionalTestCompileClasspath,functionalTestRuntimeClasspath,testCompileClasspath,testRuntimeClasspath
org.codehaus.mojo:animal-sniffer-annotations:1.14=functionalTestCompileClasspath,functionalTestRuntimeClasspath,testCompileClasspath,testRuntimeClasspath
org.junit.jupiter:junit-jupiter-api:5.10.2=functionalTestCompileClasspath,functionalTestRuntimeClasspath,testCompileClasspath,testRuntimeClasspath
org.junit.jupiter:junit-jupiter-engine:5.10.2=functionalTestRuntimeClasspath,testRuntimeClasspath
org.junit.jupiter:junit-jupiter-params:5.10.2=functionalTestCompileClasspath,functionalTestRuntimeClasspath,testCompileClasspath,testRuntimeClasspath
org.junit.jupiter:junit-jupiter:5.10.2=functionalTestCompileClasspath,functionalTestRuntimeClasspath,testCompileClasspath,testRuntimeClasspath
org.junit.platform:junit-platform-commons:1.10.2=functionalTestCompileClasspath,functionalTestRuntimeClasspath,testCompileClasspath,testRuntimeClasspath
org.junit.platform:junit-platform-engine:1.10.2=functionalTestRuntimeClasspath,testRuntimeClasspath
org.junit.platform:junit-platform-launcher:1.10.2=functionalTestRuntimeClasspath,testRuntimeClasspath
org.junit:junit-bom:5.10.2=functionalTestCompileClasspath,functionalTestRuntimeClasspath,testCompileClasspath,testRuntimeClasspath
org.openjdk.nashorn:nashorn-core:15.4=spotless-1470511307
org.opentest4j:opentest4j:1.3.0=functionalTestCompileClasspath,functionalTestRuntimeClasspath,testCompileClasspath,testRuntimeClasspath
org.ow2.asm:asm-analysis:7.3.1=spotless-1470511307
org.ow2.asm:asm-commons:7.3.1=spotless-1470511307
org.ow2.asm:asm-tree:7.3.1=spotless-1470511307
org.ow2.asm:asm-util:7.3.1=spotless-1470511307
org.ow2.asm:asm:7.3.1=spotless-1470511307
empty=annotationProcessor,compileClasspath,functionalTestAnnotationProcessor,runtimeClasspath,testAnnotationProcessor
